
Microsoft Visual Studio Solution File, Format Version 12.00
# Visual Studio Version 17
VisualStudioVersion = 17.12.35514.174 d17.12
MinimumVisualStudioVersion = 10.0.40219.1
Project("{FAE04EC0-301F-11D3-BF4B-00C04F79EFBC}") = "RedisHWQueueTriger", "RedisHWQueueTriger\RedisHWQueueTriger.csproj", "{CAF57C89-A37B-4AC3-9CEA-15CFF1176A4E}"
EndProject
Global
	GlobalSection(SolutionConfigurationPlatforms) = preSolution
		Debug|Any CPU = Debug|Any CPU
		Release|Any CPU = Release|Any CPU
	EndGlobalSection
	GlobalSection(ProjectConfigurationPlatforms) = postSolution
		{CAF57C89-A37B-4AC3-9CEA-15CFF1176A4E}.Debug|Any CPU.ActiveCfg = Debug|Any CPU
		{CAF57C89-A37B-4AC3-9CEA-15CFF1176A4E}.Debug|Any CPU.Build.0 = Debug|Any CPU
		{CAF57C89-A37B-4AC3-9CEA-15CFF1176A4E}.Release|Any CPU.ActiveCfg = Release|Any CPU
		{CAF57C89-A37B-4AC3-9CEA-15CFF1176A4E}.Release|Any CPU.Build.0 = Release|Any CPU
	EndGlobalSection
	GlobalSection(SolutionProperties) = preSolution
		HideSolutionNode = FALSE
	EndGlobalSection
EndGlobal
